
Microsoft Visual Studio Solution File, Format Version 12.00
# Visual Studio Version 17
VisualStudioVersion = 17.0.32112.339
MinimumVisualStudioVersion = 10.0.40219.1
Project("{9A19103F-16F7-4668-BE54-9A1E7A4F7556}") = "WoWCombatLogParser", "WoWCombatLogParser\WoWCombatLogParser.csproj", "{F71563DA-74B6-461E-A422-479400A7C8B2}"
EndProject
Project("{9A19103F-16F7-4668-BE54-9A1E7A4F7556}") = "WoWCombatLogParser.Tests", "WoWCombatLogParser.Tests\WoWCombatLogParser.Tests.csproj", "{6B3C9320-17C2-4E11-8A06-4FC039D81F1E}"
EndProject
Project("{9A19103F-16F7-4668-BE54-9A1E7A4F7556}") = "WoWCombatLogParser.SourceGenerator", "WoWCombatLogParser.SourceGenerator\WoWCombatLogParser.SourceGenerator.csproj", "{F801E147-4371-4D68-88CA-7935D2A7F081}"
EndProject
Project("{9A19103F-16F7-4668-BE54-9A1E7A4F7556}") = "WowCombatLogParser.Console", "WowCombatLogParser.Console\WowCombatLogParser.Console.csproj", "{4EB25EE5-65CA-4C13-915D-0E10E26F81B7}"
EndProject
Global
	GlobalSection(SolutionConfigurationPlatforms) = preSolution
		Debug|Any CPU = Debug|Any CPU
		Release|Any CPU = Release|Any CPU
	EndGlobalSection
	GlobalSection(ProjectConfigurationPlatforms) = postSolution
		{F71563DA-74B6-461E-A422-479400A7C8B2}.Debug|Any CPU.ActiveCfg = Debug|Any CPU
		{F71563DA-74B6-461E-A422-479400A7C8B2}.Debug|Any CPU.Build.0 = Debug|Any CPU
		{F71563DA-74B6-461E-A422-479400A7C8B2}.Release|Any CPU.ActiveCfg = Release|Any CPU
		{F71563DA-74B6-461E-A422-479400A7C8B2}.Release|Any CPU.Build.0 = Release|Any CPU
		{6B3C9320-17C2-4E11-8A06-4FC039D81F1E}.Debug|Any CPU.ActiveCfg = Debug|Any CPU
		{6B3C9320-17C2-4E11-8A06-4FC039D81F1E}.Debug|Any CPU.Build.0 = Debug|Any CPU
		{6B3C9320-17C2-4E11-8A06-4FC039D81F1E}.Release|Any CPU.ActiveCfg = Release|Any CPU
		{6B3C9320-17C2-4E11-8A06-4FC039D81F1E}.Release|Any CPU.Build.0 = Release|Any CPU
		{F801E147-4371-4D68-88CA-7935D2A7F081}.Debug|Any CPU.ActiveCfg = Debug|Any CPU
		{F801E147-4371-4D68-88CA-7935D2A7F081}.Debug|Any CPU.Build.0 = Debug|Any CPU
		{F801E147-4371-4D68-88CA-7935D2A7F081}.Release|Any CPU.ActiveCfg = Release|Any CPU
		{F801E147-4371-4D68-88CA-7935D2A7F081}.Release|Any CPU.Build.0 = Release|Any CPU
		{4EB25EE5-65CA-4C13-915D-0E10E26F81B7}.Debug|Any CPU.ActiveCfg = Debug|Any CPU
		{4EB25EE5-65CA-4C13-915D-0E10E26F81B7}.Debug|Any CPU.Build.0 = Debug|Any CPU
		{4EB25EE5-65CA-4C13-915D-0E10E26F81B7}.Release|Any CPU.ActiveCfg = Release|Any CPU
		{4EB25EE5-65CA-4C13-915D-0E10E26F81B7}.Release|Any CPU.Build.0 = Release|Any CPU
	EndGlobalSection
	GlobalSection(SolutionProperties) = preSolution
		HideSolutionNode = FALSE
	EndGlobalSection
	GlobalSection(ExtensibilityGlobals) = postSolution
		SolutionGuid = {A1F647BB-2801-4601-8114-DD4D9F2E71BB}
	EndGlobalSection
EndGlobal
